// !$*UTF8*$!
{
	archiveVersion = 1;
	classes = {
	};
	objectVersion = 56;
	objects = {

/* Begin PBXBuildFile section */
		760A38612CE0E945005C853C /* InsightforgeApp.swift in Sources */ = {isa = PBXBuildFile; fileRef = 760A38602CE0E945005C853C /* InsightforgeApp.swift */; };
		760A38652CE0E947005C853C /* Assets.xcassets in Resources */ = {isa = PBXBuildFile; fileRef = 760A38642CE0E947005C853C /* Assets.xcassets */; };
		760A38682CE0E947005C853C /* Preview Assets.xcassets in Resources */ = {isa = PBXBuildFile; fileRef = 760A38672CE0E947005C853C /* Preview Assets.xcassets */; };
		762916282D1453EF0022374F /* ApiClient.swift in Sources */ = {isa = PBXBuildFile; fileRef = 762916272D1453EF0022374F /* ApiClient.swift */; };
		7629162D2D1454D60022374F /* SnakeDecoder.swift in Sources */ = {isa = PBXBuildFile; fileRef = 7629162A2D1454D60022374F /* SnakeDecoder.swift */; };
		7629162E2D1454D60022374F /* ErrorModel.swift in Sources */ = {isa = PBXBuildFile; fileRef = 7629162B2D1454D60022374F /* ErrorModel.swift */; };
		762916312D1454F50022374F /* Alamofire in Frameworks */ = {isa = PBXBuildFile; productRef = 762916302D1454F50022374F /* Alamofire */; };
		762916342D1455750022374F /* HTTPClient.swift in Sources */ = {isa = PBXBuildFile; fileRef = 762916322D1455750022374F /* HTTPClient.swift */; };
		762916352D1455750022374F /* NetworkHeaders.swift in Sources */ = {isa = PBXBuildFile; fileRef = 762916332D1455750022374F /* NetworkHeaders.swift */; };
		762916372D1458A20022374F /* ApiRequest.swift in Sources */ = {isa = PBXBuildFile; fileRef = 762916362D1458A20022374F /* ApiRequest.swift */; };
		762916392D1458F30022374F /* AliProtocol.swift in Sources */ = {isa = PBXBuildFile; fileRef = 762916382D1458F20022374F /* AliProtocol.swift */; };
		7629163B2D1459280022374F /* NetworkConstants.swift in Sources */ = {isa = PBXBuildFile; fileRef = 7629163A2D1459280022374F /* NetworkConstants.swift */; };
		7629163D2D145EA20022374F /* LoginResponse.swift in Sources */ = {isa = PBXBuildFile; fileRef = 7629163C2D145EA20022374F /* LoginResponse.swift */; };
		7663507C2CE4E07100DCB46F /* Lottie in Frameworks */ = {isa = PBXBuildFile; productRef = 7663507B2CE4E07100DCB46F /* Lottie */; };
		766350832CE4E22300DCB46F /* LaunchLoading.json in Resources */ = {isa = PBXBuildFile; fileRef = 766350822CE4E22300DCB46F /* LaunchLoading.json */; };
		768CCBE82D0C66F50025D2C0 /* ContinueActionButton.swift in Sources */ = {isa = PBXBuildFile; fileRef = 768CCBE72D0C66F50025D2C0 /* ContinueActionButton.swift */; };
		768CCBEB2D0C7E110025D2C0 /* TabBar.swift in Sources */ = {isa = PBXBuildFile; fileRef = 768CCBEA2D0C7E110025D2C0 /* TabBar.swift */; };
		768CCBED2D0C7F120025D2C0 /* TabBarViewModel.swift in Sources */ = {isa = PBXBuildFile; fileRef = 768CCBEC2D0C7F120025D2C0 /* TabBarViewModel.swift */; };
		768CCBEF2D0C7F1F0025D2C0 /* TabBarAssembly.swift in Sources */ = {isa = PBXBuildFile; fileRef = 768CCBEE2D0C7F1F0025D2C0 /* TabBarAssembly.swift */; };
		768CCBF12D0C85440025D2C0 /* BookView.swift in Sources */ = {isa = PBXBuildFile; fileRef = 768CCBF02D0C85440025D2C0 /* BookView.swift */; };
		769B44C52CE1E65200C50B9F /* Route.swift in Sources */ = {isa = PBXBuildFile; fileRef = 769B44C42CE1E65200C50B9F /* Route.swift */; };
		769B44C72CE1EA5400C50B9F /* Book.swift in Sources */ = {isa = PBXBuildFile; fileRef = 769B44C62CE1EA5400C50B9F /* Book.swift */; };
		769B44C92CE1EAD500C50B9F /* Router.swift in Sources */ = {isa = PBXBuildFile; fileRef = 769B44C82CE1EAD500C50B9F /* Router.swift */; };
		769B44D12CE1EDC000C50B9F /* LaunchAssembly.swift in Sources */ = {isa = PBXBuildFile; fileRef = 769B44D02CE1EDC000C50B9F /* LaunchAssembly.swift */; };
		769B44D32CE1EDD100C50B9F /* LaunchViewModel.swift in Sources */ = {isa = PBXBuildFile; fileRef = 769B44D22CE1EDD100C50B9F /* LaunchViewModel.swift */; };
		769B44D52CE1EDDC00C50B9F /* LaunchView.swift in Sources */ = {isa = PBXBuildFile; fileRef = 769B44D42CE1EDDC00C50B9F /* LaunchView.swift */; };
		769B44D72CE1F46F00C50B9F /* AuthAssembly.swift in Sources */ = {isa = PBXBuildFile; fileRef = 769B44D62CE1F46F00C50B9F /* AuthAssembly.swift */; };
		769B44D92CE1F47C00C50B9F /* AuthViewModel.swift in Sources */ = {isa = PBXBuildFile; fileRef = 769B44D82CE1F47C00C50B9F /* AuthViewModel.swift */; };
		769B44DB2CE1F48500C50B9F /* AuthView.swift in Sources */ = {isa = PBXBuildFile; fileRef = 769B44DA2CE1F48500C50B9F /* AuthView.swift */; };
		769B44DD2CE1F4A400C50B9F /* LoginAssembly.swift in Sources */ = {isa = PBXBuildFile; fileRef = 769B44DC2CE1F4A400C50B9F /* LoginAssembly.swift */; };
		769B44DF2CE1F4BB00C50B9F /* LoginViewModel.swift in Sources */ = {isa = PBXBuildFile; fileRef = 769B44DE2CE1F4BB00C50B9F /* LoginViewModel.swift */; };
		769B44E12CE1F4CC00C50B9F /* LoginView.swift in Sources */ = {isa = PBXBuildFile; fileRef = 769B44E02CE1F4CC00C50B9F /* LoginView.swift */; };
		769B44E92CE1F4FB00C50B9F /* HomeAssembly.swift in Sources */ = {isa = PBXBuildFile; fileRef = 769B44E82CE1F4FB00C50B9F /* HomeAssembly.swift */; };
		769B44EB2CE1F50600C50B9F /* HomeViewModel.swift in Sources */ = {isa = PBXBuildFile; fileRef = 769B44EA2CE1F50600C50B9F /* HomeViewModel.swift */; };
		769B44ED2CE1F50F00C50B9F /* HomeView.swift in Sources */ = {isa = PBXBuildFile; fileRef = 769B44EC2CE1F50F00C50B9F /* HomeView.swift */; };
		76C2A1852D1573A900482CBC /* CartAssemly.swift in Sources */ = {isa = PBXBuildFile; fileRef = 76C2A1842D1573A900482CBC /* CartAssemly.swift */; };
		76C2A1872D1573B400482CBC /* CartViewModel.swift in Sources */ = {isa = PBXBuildFile; fileRef = 76C2A1862D1573B400482CBC /* CartViewModel.swift */; };
		76C2A1892D1573BC00482CBC /* CartView.swift in Sources */ = {isa = PBXBuildFile; fileRef = 76C2A1882D1573BC00482CBC /* CartView.swift */; };
/* End PBXBuildFile section */

/* Begin PBXFileReference section */
		760A385D2CE0E945005C853C /* Insightforge.app */ = {isa = PBXFileReference; explicitFileType = wrapper.application; includeInIndex = 0; path = Insightforge.app; sourceTree = BUILT_PRODUCTS_DIR; };
		760A38602CE0E945005C853C /* InsightforgeApp.swift */ = {isa = PBXFileReference; lastKnownFileType = sourcecode.swift; path = InsightforgeApp.swift; sourceTree = "<group>"; };
		760A38642CE0E947005C853C /* Assets.xcassets */ = {isa = PBXFileReference; lastKnownFileType = folder.assetcatalog; path = Assets.xcassets; sourceTree = "<group>"; };
		760A38672CE0E947005C853C /* Preview Assets.xcassets */ = {isa = PBXFileReference; lastKnownFileType = folder.assetcatalog; path = "Preview Assets.xcassets"; sourceTree = "<group>"; };
		762916272D1453EF0022374F /* ApiClient.swift */ = {isa = PBXFileReference; lastKnownFileType = sourcecode.swift; path = ApiClient.swift; sourceTree = "<group>"; };
		7629162A2D1454D60022374F /* SnakeDecoder.swift */ = {isa = PBXFileReference; fileEncoding = 4; lastKnownFileType = sourcecode.swift; path = SnakeDecoder.swift; sourceTree = "<group>"; };
		7629162B2D1454D60022374F /* ErrorModel.swift */ = {isa = PBXFileReference; fileEncoding = 4; lastKnownFileType = sourcecode.swift; path = ErrorModel.swift; sourceTree = "<group>"; };
		762916322D1455750022374F /* HTTPClient.swift */ = {isa = PBXFileReference; fileEncoding = 4; lastKnownFileType = sourcecode.swift; path = HTTPClient.swift; sourceTree = "<group>"; };
		762916332D1455750022374F /* NetworkHeaders.swift */ = {isa = PBXFileReference; fileEncoding = 4; lastKnownFileType = sourcecode.swift; path = NetworkHeaders.swift; sourceTree = "<group>"; };
		762916362D1458A20022374F /* ApiRequest.swift */ = {isa = PBXFileReference; lastKnownFileType = sourcecode.swift; path = ApiRequest.swift; sourceTree = "<group>"; };
		762916382D1458F20022374F /* AliProtocol.swift */ = {isa = PBXFileReference; lastKnownFileType = sourcecode.swift; path = AliProtocol.swift; sourceTree = "<group>"; };
		7629163A2D1459280022374F /* NetworkConstants.swift */ = {isa = PBXFileReference; lastKnownFileType = sourcecode.swift; path = NetworkConstants.swift; sourceTree = "<group>"; };
		7629163C2D145EA20022374F /* LoginResponse.swift */ = {isa = PBXFileReference; lastKnownFileType = sourcecode.swift; path = LoginResponse.swift; sourceTree = "<group>"; };
		766350822CE4E22300DCB46F /* LaunchLoading.json */ = {isa = PBXFileReference; fileEncoding = 4; lastKnownFileType = text.json; path = LaunchLoading.json; sourceTree = "<group>"; };
		768CCBE72D0C66F50025D2C0 /* ContinueActionButton.swift */ = {isa = PBXFileReference; lastKnownFileType = sourcecode.swift; path = ContinueActionButton.swift; sourceTree = "<group>"; };
		768CCBEA2D0C7E110025D2C0 /* TabBar.swift */ = {isa = PBXFileReference; lastKnownFileType = sourcecode.swift; path = TabBar.swift; sourceTree = "<group>"; };
		768CCBEC2D0C7F120025D2C0 /* TabBarViewModel.swift */ = {isa = PBXFileReference; lastKnownFileType = sourcecode.swift; path = TabBarViewModel.swift; sourceTree = "<group>"; };
		768CCBEE2D0C7F1F0025D2C0 /* TabBarAssembly.swift */ = {isa = PBXFileReference; lastKnownFileType = sourcecode.swift; path = TabBarAssembly.swift; sourceTree = "<group>"; };
		768CCBF02D0C85440025D2C0 /* BookView.swift */ = {isa = PBXFileReference; lastKnownFileType = sourcecode.swift; path = BookView.swift; sourceTree = "<group>"; };
		769B44C42CE1E65200C50B9F /* Route.swift */ = {isa = PBXFileReference; lastKnownFileType = sourcecode.swift; path = Route.swift; sourceTree = "<group>"; };
		769B44C62CE1EA5400C50B9F /* Book.swift */ = {isa = PBXFileReference; lastKnownFileType = sourcecode.swift; path = Book.swift; sourceTree = "<group>"; };
		769B44C82CE1EAD500C50B9F /* Router.swift */ = {isa = PBXFileReference; lastKnownFileType = sourcecode.swift; path = Router.swift; sourceTree = "<group>"; };
		769B44D02CE1EDC000C50B9F /* LaunchAssembly.swift */ = {isa = PBXFileReference; lastKnownFileType = sourcecode.swift; path = LaunchAssembly.swift; sourceTree = "<group>"; };
		769B44D22CE1EDD100C50B9F /* LaunchViewModel.swift */ = {isa = PBXFileReference; lastKnownFileType = sourcecode.swift; path = LaunchViewModel.swift; sourceTree = "<group>"; };
		769B44D42CE1EDDC00C50B9F /* LaunchView.swift */ = {isa = PBXFileReference; lastKnownFileType = sourcecode.swift; path = LaunchView.swift; sourceTree = "<group>"; };
		769B44D62CE1F46F00C50B9F /* AuthAssembly.swift */ = {isa = PBXFileReference; lastKnownFileType = sourcecode.swift; path = AuthAssembly.swift; sourceTree = "<group>"; };
		769B44D82CE1F47C00C50B9F /* AuthViewModel.swift */ = {isa = PBXFileReference; lastKnownFileType = sourcecode.swift; path = AuthViewModel.swift; sourceTree = "<group>"; };
		769B44DA2CE1F48500C50B9F /* AuthView.swift */ = {isa = PBXFileReference; lastKnownFileType = sourcecode.swift; path = AuthView.swift; sourceTree = "<group>"; };
		769B44DC2CE1F4A400C50B9F /* LoginAssembly.swift */ = {isa = PBXFileReference; lastKnownFileType = sourcecode.swift; path = LoginAssembly.swift; sourceTree = "<group>"; };
		769B44DE2CE1F4BB00C50B9F /* LoginViewModel.swift */ = {isa = PBXFileReference; lastKnownFileType = sourcecode.swift; path = LoginViewModel.swift; sourceTree = "<group>"; };
		769B44E02CE1F4CC00C50B9F /* LoginView.swift */ = {isa = PBXFileReference; lastKnownFileType = sourcecode.swift; path = LoginView.swift; sourceTree = "<group>"; };
		769B44E82CE1F4FB00C50B9F /* HomeAssembly.swift */ = {isa = PBXFileReference; lastKnownFileType = sourcecode.swift; path = HomeAssembly.swift; sourceTree = "<group>"; };
		769B44EA2CE1F50600C50B9F /* HomeViewModel.swift */ = {isa = PBXFileReference; lastKnownFileType = sourcecode.swift; path = HomeViewModel.swift; sourceTree = "<group>"; };
		769B44EC2CE1F50F00C50B9F /* HomeView.swift */ = {isa = PBXFileReference; lastKnownFileType = sourcecode.swift; path = HomeView.swift; sourceTree = "<group>"; };
		769B44EE2CE2022E00C50B9F /* Info.plist */ = {isa = PBXFileReference; lastKnownFileType = text.plist; path = Info.plist; sourceTree = "<group>"; };
		76C2A1842D1573A900482CBC /* CartAssemly.swift */ = {isa = PBXFileReference; lastKnownFileType = sourcecode.swift; path = CartAssemly.swift; sourceTree = "<group>"; };
		76C2A1862D1573B400482CBC /* CartViewModel.swift */ = {isa = PBXFileReference; lastKnownFileType = sourcecode.swift; path = CartViewModel.swift; sourceTree = "<group>"; };
		76C2A1882D1573BC00482CBC /* CartView.swift */ = {isa = PBXFileReference; lastKnownFileType = sourcecode.swift; path = CartView.swift; sourceTree = "<group>"; };
/* End PBXFileReference section */

/* Begin PBXFrameworksBuildPhase section */
		760A385A2CE0E945005C853C /* Frameworks */ = {
			isa = PBXFrameworksBuildPhase;
			buildActionMask = 2147483647;
			files = (
				7663507C2CE4E07100DCB46F /* Lottie in Frameworks */,
				762916312D1454F50022374F /* Alamofire in Frameworks */,
			);
			runOnlyForDeploymentPostprocessing = 0;
		};
/* End PBXFrameworksBuildPhase section */

/* Begin PBXGroup section */
		760A38542CE0E945005C853C = {
			isa = PBXGroup;
			children = (
				760A385F2CE0E945005C853C /* Insightforge */,
				760A385E2CE0E945005C853C /* Products */,
			);
			sourceTree = "<group>";
		};
		760A385E2CE0E945005C853C /* Products */ = {
			isa = PBXGroup;
			children = (
				760A385D2CE0E945005C853C /* Insightforge.app */,
			);
			name = Products;
			sourceTree = "<group>";
		};
		760A385F2CE0E945005C853C /* Insightforge */ = {
			isa = PBXGroup;
			children = (
				769B44EE2CE2022E00C50B9F /* Info.plist */,
				760A386F2CE0EB97005C853C /* BuisnessLayer */,
				760A38702CE0EBA0005C853C /* PresentationLayer */,
				760A386E2CE0EB86005C853C /* ApplicationLayer */,
			);
			path = Insightforge;
			sourceTree = "<group>";
		};
		760A38662CE0E947005C853C /* Preview Content */ = {
			isa = PBXGroup;
			children = (
				760A38672CE0E947005C853C /* Preview Assets.xcassets */,
			);
			path = "Preview Content";
			sourceTree = "<group>";
		};
		760A386E2CE0EB86005C853C /* ApplicationLayer */ = {
			isa = PBXGroup;
			children = (
				760A38722CE0EBDE005C853C /* Resources */,
				760A38712CE0EBD6005C853C /* Extensions */,
			);
			path = ApplicationLayer;
			sourceTree = "<group>";
		};
		760A386F2CE0EB97005C853C /* BuisnessLayer */ = {
			isa = PBXGroup;
			children = (
				760A38782CE0ECA5005C853C /* Models */,
				760A38772CE0EC3B005C853C /* Data */,
				760A38762CE0EC36005C853C /* Managers */,
			);
			path = BuisnessLayer;
			sourceTree = "<group>";
		};
		760A38702CE0EBA0005C853C /* PresentationLayer */ = {
			isa = PBXGroup;
			children = (
				760A38742CE0EC15005C853C /* CustomViews */,
				760A38752CE0EC25005C853C /* Scenes */,
				760A38732CE0EC02005C853C /* Base */,
			);
			path = PresentationLayer;
			sourceTree = "<group>";
		};
		760A38712CE0EBD6005C853C /* Extensions */ = {
			isa = PBXGroup;
			children = (
			);
			path = Extensions;
			sourceTree = "<group>";
		};
		760A38722CE0EBDE005C853C /* Resources */ = {
			isa = PBXGroup;
			children = (
				7663507D2CE4E0BA00DCB46F /* Animation */,
				760A38662CE0E947005C853C /* Preview Content */,
				760A387B2CE0ECF7005C853C /* Assets */,
				760A387A2CE0ECE9005C853C /* Fonts */,
				760A38792CE0ECD6005C853C /* Constants */,
			);
			path = Resources;
			sourceTree = "<group>";
		};
		760A38732CE0EC02005C853C /* Base */ = {
			isa = PBXGroup;
			children = (
				760A38602CE0E945005C853C /* InsightforgeApp.swift */,
				769B44C42CE1E65200C50B9F /* Route.swift */,
				769B44C82CE1EAD500C50B9F /* Router.swift */,
			);
			path = Base;
			sourceTree = "<group>";
		};
		760A38742CE0EC15005C853C /* CustomViews */ = {
			isa = PBXGroup;
			children = (
				768CCBE72D0C66F50025D2C0 /* ContinueActionButton.swift */,
				768CCBF02D0C85440025D2C0 /* BookView.swift */,
			);
			path = CustomViews;
			sourceTree = "<group>";
		};
		760A38752CE0EC25005C853C /* Scenes */ = {
			isa = PBXGroup;
			children = (
				76C2A1832D15739100482CBC /* Cart */,
				768CCBE92D0C7DF90025D2C0 /* TabBar */,
				769B44CF2CE1ED8A00C50B9F /* Home */,
				769B44CD2CE1ED6E00C50B9F /* Login */,
				769B44CC2CE1ED5300C50B9F /* Auth */,
				769B44CA2CE1ED3300C50B9F /* Launch */,
			);
			path = Scenes;
			sourceTree = "<group>";
		};
		760A38762CE0EC36005C853C /* Managers */ = {
			isa = PBXGroup;
			children = (
				762916292D1454910022374F /* Api */,
			);
			path = Managers;
			sourceTree = "<group>";
		};
		760A38772CE0EC3B005C853C /* Data */ = {
			isa = PBXGroup;
			children = (
			);
			path = Data;
			sourceTree = "<group>";
		};
		760A38782CE0ECA5005C853C /* Models */ = {
			isa = PBXGroup;
			children = (
				769B44C62CE1EA5400C50B9F /* Book.swift */,
			);
			path = Models;
			sourceTree = "<group>";
		};
		760A38792CE0ECD6005C853C /* Constants */ = {
			isa = PBXGroup;
			children = (
				7629163A2D1459280022374F /* NetworkConstants.swift */,
			);
			path = Constants;
			sourceTree = "<group>";
		};
		760A387A2CE0ECE9005C853C /* Fonts */ = {
			isa = PBXGroup;
			children = (
			);
			path = Fonts;
			sourceTree = "<group>";
		};
		760A387B2CE0ECF7005C853C /* Assets */ = {
			isa = PBXGroup;
			children = (
				760A38642CE0E947005C853C /* Assets.xcassets */,
			);
			path = Assets;
			sourceTree = "<group>";
		};
		762916292D1454910022374F /* Api */ = {
			isa = PBXGroup;
			children = (
				7629162C2D1454D60022374F /* Models */,
				7629162A2D1454D60022374F /* SnakeDecoder.swift */,
				762916272D1453EF0022374F /* ApiClient.swift */,
				762916322D1455750022374F /* HTTPClient.swift */,
				762916332D1455750022374F /* NetworkHeaders.swift */,
				762916362D1458A20022374F /* ApiRequest.swift */,
				762916382D1458F20022374F /* AliProtocol.swift */,
			);
			path = Api;
			sourceTree = "<group>";
		};
		7629162C2D1454D60022374F /* Models */ = {
			isa = PBXGroup;
			children = (
				7629162B2D1454D60022374F /* ErrorModel.swift */,
				7629163C2D145EA20022374F /* LoginResponse.swift */,
			);
			path = Models;
			sourceTree = "<group>";
		};
		7663507D2CE4E0BA00DCB46F /* Animation */ = {
			isa = PBXGroup;
			children = (
				7663507E2CE4E0CA00DCB46F /* LaunchScreen */,
			);
			path = Animation;
			sourceTree = "<group>";
		};
		7663507E2CE4E0CA00DCB46F /* LaunchScreen */ = {
			isa = PBXGroup;
			children = (
				766350822CE4E22300DCB46F /* LaunchLoading.json */,
			);
			path = LaunchScreen;
			sourceTree = "<group>";
		};
		768CCBE92D0C7DF90025D2C0 /* TabBar */ = {
			isa = PBXGroup;
			children = (
				768CCBEE2D0C7F1F0025D2C0 /* TabBarAssembly.swift */,
				768CCBEC2D0C7F120025D2C0 /* TabBarViewModel.swift */,
				768CCBEA2D0C7E110025D2C0 /* TabBar.swift */,
			);
			path = TabBar;
			sourceTree = "<group>";
		};
		769B44CA2CE1ED3300C50B9F /* Launch */ = {
			isa = PBXGroup;
			children = (
				769B44D02CE1EDC000C50B9F /* LaunchAssembly.swift */,
				769B44D22CE1EDD100C50B9F /* LaunchViewModel.swift */,
				769B44D42CE1EDDC00C50B9F /* LaunchView.swift */,
			);
			path = Launch;
			sourceTree = "<group>";
		};
		769B44CC2CE1ED5300C50B9F /* Auth */ = {
			isa = PBXGroup;
			children = (
				769B44D62CE1F46F00C50B9F /* AuthAssembly.swift */,
				769B44D82CE1F47C00C50B9F /* AuthViewModel.swift */,
				769B44DA2CE1F48500C50B9F /* AuthView.swift */,
			);
			path = Auth;
			sourceTree = "<group>";
		};
		769B44CD2CE1ED6E00C50B9F /* Login */ = {
			isa = PBXGroup;
			children = (
				769B44DC2CE1F4A400C50B9F /* LoginAssembly.swift */,
				769B44DE2CE1F4BB00C50B9F /* LoginViewModel.swift */,
				769B44E02CE1F4CC00C50B9F /* LoginView.swift */,
			);
			path = Login;
			sourceTree = "<group>";
		};
		769B44CF2CE1ED8A00C50B9F /* Home */ = {
			isa = PBXGroup;
			children = (
				769B44E82CE1F4FB00C50B9F /* HomeAssembly.swift */,
				769B44EA2CE1F50600C50B9F /* HomeViewModel.swift */,
				769B44EC2CE1F50F00C50B9F /* HomeView.swift */,
			);
			path = Home;
			sourceTree = "<group>";
		};
		76C2A1832D15739100482CBC /* Cart */ = {
			isa = PBXGroup;
			children = (
				76C2A1842D1573A900482CBC /* CartAssemly.swift */,
				76C2A1862D1573B400482CBC /* CartViewModel.swift */,
				76C2A1882D1573BC00482CBC /* CartView.swift */,
			);
			path = Cart;
			sourceTree = "<group>";
		};
/* End PBXGroup section */

/* Begin PBXNativeTarget section */
		760A385C2CE0E945005C853C /* Insightforge */ = {
			isa = PBXNativeTarget;
			buildConfigurationList = 760A386B2CE0E947005C853C /* Build configuration list for PBXNativeTarget "Insightforge" */;
			buildPhases = (
				760A38592CE0E945005C853C /* Sources */,
				760A385A2CE0E945005C853C /* Frameworks */,
				760A385B2CE0E945005C853C /* Resources */,
			);
			buildRules = (
			);
			dependencies = (
			);
			name = Insightforge;
			packageProductDependencies = (
				7663507B2CE4E07100DCB46F /* Lottie */,
				762916302D1454F50022374F /* Alamofire */,
			);
			productName = Insightforge;
			productReference = 760A385D2CE0E945005C853C /* Insightforge.app */;
			productType = "com.apple.product-type.application";
		};
/* End PBXNativeTarget section */

/* Begin PBXProject section */
		760A38552CE0E945005C853C /* Project object */ = {
			isa = PBXProject;
			attributes = {
				BuildIndependentTargetsInParallel = 1;
				LastSwiftUpdateCheck = 1540;
				LastUpgradeCheck = 1540;
				TargetAttributes = {
					760A385C2CE0E945005C853C = {
						CreatedOnToolsVersion = 15.4;
					};
				};
			};
			buildConfigurationList = 760A38582CE0E945005C853C /* Build configuration list for PBXProject "Insightforge" */;
			compatibilityVersion = "Xcode 14.0";
			developmentRegion = en;
			hasScannedForEncodings = 0;
			knownRegions = (
				en,
				Base,
			);
			mainGroup = 760A38542CE0E945005C853C;
			packageReferences = (
				7663507A2CE4E07000DCB46F /* XCRemoteSwiftPackageReference "lottie-ios" */,
				7629162F2D1454F50022374F /* XCRemoteSwiftPackageReference "Alamofire" */,
			);
			productRefGroup = 760A385E2CE0E945005C853C /* Products */;
			projectDirPath = "";
			projectRoot = "";
			targets = (
				760A385C2CE0E945005C853C /* Insightforge */,
			);
		};
/* End PBXProject section */

/* Begin PBXResourcesBuildPhase section */
		760A385B2CE0E945005C853C /* Resources */ = {
			isa = PBXResourcesBuildPhase;
			buildActionMask = 2147483647;
			files = (
				760A38682CE0E947005C853C /* Preview Assets.xcassets in Resources */,
				760A38652CE0E947005C853C /* Assets.xcassets in Resources */,
				766350832CE4E22300DCB46F /* LaunchLoading.json in Resources */,
			);
			runOnlyForDeploymentPostprocessing = 0;
		};
/* End PBXResourcesBuildPhase section */

/* Begin PBXSourcesBuildPhase section */
		760A38592CE0E945005C853C /* Sources */ = {
			isa = PBXSourcesBuildPhase;
			buildActionMask = 2147483647;
			files = (
				7629163B2D1459280022374F /* NetworkConstants.swift in Sources */,
				769B44EB2CE1F50600C50B9F /* HomeViewModel.swift in Sources */,
				762916342D1455750022374F /* HTTPClient.swift in Sources */,
				7629163D2D145EA20022374F /* LoginResponse.swift in Sources */,
				76C2A1872D1573B400482CBC /* CartViewModel.swift in Sources */,
				769B44C92CE1EAD500C50B9F /* Router.swift in Sources */,
				76C2A1892D1573BC00482CBC /* CartView.swift in Sources */,
				760A38612CE0E945005C853C /* InsightforgeApp.swift in Sources */,
				76C2A1852D1573A900482CBC /* CartAssemly.swift in Sources */,
				768CCBE82D0C66F50025D2C0 /* ContinueActionButton.swift in Sources */,
				769B44C52CE1E65200C50B9F /* Route.swift in Sources */,
				769B44D32CE1EDD100C50B9F /* LaunchViewModel.swift in Sources */,
				7629162E2D1454D60022374F /* ErrorModel.swift in Sources */,
				769B44E92CE1F4FB00C50B9F /* HomeAssembly.swift in Sources */,
				769B44D12CE1EDC000C50B9F /* LaunchAssembly.swift in Sources */,
				769B44C72CE1EA5400C50B9F /* Book.swift in Sources */,
				762916372D1458A20022374F /* ApiRequest.swift in Sources */,
				768CCBEB2D0C7E110025D2C0 /* TabBar.swift in Sources */,
				769B44DB2CE1F48500C50B9F /* AuthView.swift in Sources */,
				762916282D1453EF0022374F /* ApiClient.swift in Sources */,
				768CCBEF2D0C7F1F0025D2C0 /* TabBarAssembly.swift in Sources */,
				768CCBF12D0C85440025D2C0 /* BookView.swift in Sources */,
				769B44D52CE1EDDC00C50B9F /* LaunchView.swift in Sources */,
				762916352D1455750022374F /* NetworkHeaders.swift in Sources */,
				7629162D2D1454D60022374F /* SnakeDecoder.swift in Sources */,
				769B44DF2CE1F4BB00C50B9F /* LoginViewModel.swift in Sources */,
				768CCBED2D0C7F120025D2C0 /* TabBarViewModel.swift in Sources */,
				769B44D72CE1F46F00C50B9F /* AuthAssembly.swift in Sources */,
				769B44E12CE1F4CC00C50B9F /* LoginView.swift in Sources */,
				762916392D1458F30022374F /* AliProtocol.swift in Sources */,
				769B44D92CE1F47C00C50B9F /* AuthViewModel.swift in Sources */,
				769B44DD2CE1F4A400C50B9F /* LoginAssembly.swift in Sources */,
				769B44ED2CE1F50F00C50B9F /* HomeView.swift in Sources */,
			);
			runOnlyForDeploymentPostprocessing = 0;
		};
/* End PBXSourcesBuildPhase section */

/* Begin XCBuildConfiguration section */
		760A38692CE0E947005C853C /* Debug */ = {
			isa = XCBuildConfiguration;
			buildSettings = {
				ALWAYS_SEARCH_USER_PATHS = NO;
				ASSETCATALOG_COMPILER_GENERATE_SWIFT_ASSET_SYMBOL_EXTENSIONS = YES;
				CLANG_ANALYZER_NONNULL = YES;
				CLANG_ANALYZER_NUMBER_OBJECT_CONVERSION = YES_AGGRESSIVE;
				CLANG_CXX_LANGUAGE_STANDARD = "gnu++20";
				CLANG_ENABLE_MODULES = YES;
				CLANG_ENABLE_OBJC_ARC = YES;
				CLANG_ENABLE_OBJC_WEAK = YES;
				CLANG_WARN_BLOCK_CAPTURE_AUTORELEASING = YES;
				CLANG_WARN_BOOL_CONVERSION = YES;
				CLANG_WARN_COMMA = YES;
				CLANG_WARN_CONSTANT_CONVERSION = YES;
				CLANG_WARN_DEPRECATED_OBJC_IMPLEMENTATIONS = YES;
				CLANG_WARN_DIRECT_OBJC_ISA_USAGE = YES_ERROR;
				CLANG_WARN_DOCUMENTATION_COMMENTS = YES;
				CLANG_WARN_EMPTY_BODY = YES;
				CLANG_WARN_ENUM_CONVERSION = YES;
				CLANG_WARN_INFINITE_RECURSION = YES;
				CLANG_WARN_INT_CONVERSION = YES;
				CLANG_WARN_NON_LITERAL_NULL_CONVERSION = YES;
				CLANG_WARN_OBJC_IMPLICIT_RETAIN_SELF = YES;
				CLANG_WARN_OBJC_LITERAL_CONVERSION = YES;
				CLANG_WARN_OBJC_ROOT_CLASS = YES_ERROR;
				CLANG_WARN_QUOTED_INCLUDE_IN_FRAMEWORK_HEADER = YES;
				CLANG_WARN_RANGE_LOOP_ANALYSIS = YES;
				CLANG_WARN_STRICT_PROTOTYPES = YES;
				CLANG_WARN_SUSPICIOUS_MOVE = YES;
				CLANG_WARN_UNGUARDED_AVAILABILITY = YES_AGGRESSIVE;
				CLANG_WARN_UNREACHABLE_CODE = YES;
				CLANG_WARN__DUPLICATE_METHOD_MATCH = YES;
				COPY_PHASE_STRIP = NO;
				DEBUG_INFORMATION_FORMAT = dwarf;
				ENABLE_STRICT_OBJC_MSGSEND = YES;
				ENABLE_TESTABILITY = YES;
				ENABLE_USER_SCRIPT_SANDBOXING = YES;
				GCC_C_LANGUAGE_STANDARD = gnu17;
				GCC_DYNAMIC_NO_PIC = NO;
				GCC_NO_COMMON_BLOCKS = YES;
				GCC_OPTIMIZATION_LEVEL = 0;
				GCC_PREPROCESSOR_DEFINITIONS = (
					"DEBUG=1",
					"$(inherited)",
				);
				GCC_WARN_64_TO_32_BIT_CONVERSION = YES;
				GCC_WARN_ABOUT_RETURN_TYPE = YES_ERROR;
				GCC_WARN_UNDECLARED_SELECTOR = YES;
				GCC_WARN_UNINITIALIZED_AUTOS = YES_AGGRESSIVE;
				GCC_WARN_UNUSED_FUNCTION = YES;
				GCC_WARN_UNUSED_VARIABLE = YES;
				IPHONEOS_DEPLOYMENT_TARGET = 17.5;
				LOCALIZATION_PREFERS_STRING_CATALOGS = YES;
				MTL_ENABLE_DEBUG_INFO = INCLUDE_SOURCE;
				MTL_FAST_MATH = YES;
				ONLY_ACTIVE_ARCH = YES;
				SDKROOT = iphoneos;
				SWIFT_ACTIVE_COMPILATION_CONDITIONS = "DEBUG $(inherited)";
				SWIFT_OPTIMIZATION_LEVEL = "-Onone";
			};
			name = Debug;
		};
		760A386A2CE0E947005C853C /* Release */ = {
			isa = XCBuildConfiguration;
			buildSettings = {
				ALWAYS_SEARCH_USER_PATHS = NO;
				ASSETCATALOG_COMPILER_GENERATE_SWIFT_ASSET_SYMBOL_EXTENSIONS = YES;
				CLANG_ANALYZER_NONNULL = YES;
				CLANG_ANALYZER_NUMBER_OBJECT_CONVERSION = YES_AGGRESSIVE;
				CLANG_CXX_LANGUAGE_STANDARD = "gnu++20";
				CLANG_ENABLE_MODULES = YES;
				CLANG_ENABLE_OBJC_ARC = YES;
				CLANG_ENABLE_OBJC_WEAK = YES;
				CLANG_WARN_BLOCK_CAPTURE_AUTORELEASING = YES;
				CLANG_WARN_BOOL_CONVERSION = YES;
				CLANG_WARN_COMMA = YES;
				CLANG_WARN_CONSTANT_CONVERSION = YES;
				CLANG_WARN_DEPRECATED_OBJC_IMPLEMENTATIONS = YES;
				CLANG_WARN_DIRECT_OBJC_ISA_USAGE = YES_ERROR;
				CLANG_WARN_DOCUMENTATION_COMMENTS = YES;
				CLANG_WARN_EMPTY_BODY = YES;
				CLANG_WARN_ENUM_CONVERSION = YES;
				CLANG_WARN_INFINITE_RECURSION = YES;
				CLANG_WARN_INT_CONVERSION = YES;
				CLANG_WARN_NON_LITERAL_NULL_CONVERSION = YES;
				CLANG_WARN_OBJC_IMPLICIT_RETAIN_SELF = YES;
				CLANG_WARN_OBJC_LITERAL_CONVERSION = YES;
				CLANG_WARN_OBJC_ROOT_CLASS = YES_ERROR;
				CLANG_WARN_QUOTED_INCLUDE_IN_FRAMEWORK_HEADER = YES;
				CLANG_WARN_RANGE_LOOP_ANALYSIS = YES;
				CLANG_WARN_STRICT_PROTOTYPES = YES;
				CLANG_WARN_SUSPICIOUS_MOVE = YES;
				CLANG_WARN_UNGUARDED_AVAILABILITY = YES_AGGRESSIVE;
				CLANG_WARN_UNREACHABLE_CODE = YES;
				CLANG_WARN__DUPLICATE_METHOD_MATCH = YES;
				COPY_PHASE_STRIP = NO;
				DEBUG_INFORMATION_FORMAT = "dwarf-with-dsym";
				ENABLE_NS_ASSERTIONS = NO;
				ENABLE_STRICT_OBJC_MSGSEND = YES;
				ENABLE_USER_SCRIPT_SANDBOXING = YES;
				GCC_C_LANGUAGE_STANDARD = gnu17;
				GCC_NO_COMMON_BLOCKS = YES;
				GCC_WARN_64_TO_32_BIT_CONVERSION = YES;
				GCC_WARN_ABOUT_RETURN_TYPE = YES_ERROR;
				GCC_WARN_UNDECLARED_SELECTOR = YES;
				GCC_WARN_UNINITIALIZED_AUTOS = YES_AGGRESSIVE;
				GCC_WARN_UNUSED_FUNCTION = YES;
				GCC_WARN_UNUSED_VARIABLE = YES;
				IPHONEOS_DEPLOYMENT_TARGET = 17.5;
				LOCALIZATION_PREFERS_STRING_CATALOGS = YES;
				MTL_ENABLE_DEBUG_INFO = NO;
				MTL_FAST_MATH = YES;
				SDKROOT = iphoneos;
				SWIFT_COMPILATION_MODE = wholemodule;
				VALIDATE_PRODUCT = YES;
			};
			name = Release;
		};
		760A386C2CE0E947005C853C /* Debug */ = {
			isa = XCBuildConfiguration;
			buildSettings = {
				ASSETCATALOG_COMPILER_APPICON_NAME = AppIcon;
				ASSETCATALOG_COMPILER_GLOBAL_ACCENT_COLOR_NAME = AccentColor;
				CODE_SIGN_STYLE = Automatic;
				CURRENT_PROJECT_VERSION = 1;
				DEVELOPMENT_ASSET_PATHS = "\"Insightforge/ApplicationLayer/Resources/Preview Content\"";
				DEVELOPMENT_TEAM = YV896RSVH3;
				ENABLE_PREVIEWS = YES;
				GENERATE_INFOPLIST_FILE = YES;
				INFOPLIST_FILE = Insightforge/Info.plist;
				INFOPLIST_KEY_CFBundleDisplayName = Insightforge;
				INFOPLIST_KEY_UIApplicationSceneManifest_Generation = YES;
				INFOPLIST_KEY_UIApplicationSupportsIndirectInputEvents = YES;
				INFOPLIST_KEY_UISupportedInterfaceOrientations = UIInterfaceOrientationPortrait;
				INFOPLIST_KEY_UISupportedInterfaceOrientations_iPad = "UIInterfaceOrientationLandscapeLeft UIInterfaceOrientationLandscapeRight UIInterfaceOrientationPortrait UIInterfaceOrientationPortraitUpsideDown";
				IPHONEOS_DEPLOYMENT_TARGET = 16.0;
				LD_RUNPATH_SEARCH_PATHS = (
					"$(inherited)",
					"@executable_path/Frameworks",
				);
				MARKETING_VERSION = 1.0.0;
				PRODUCT_BUNDLE_IDENTIFIER = com.zubelaleksey.Insightforge;
				PRODUCT_NAME = "$(TARGET_NAME)";
				SUPPORTED_PLATFORMS = "iphoneos iphonesimulator";
				SUPPORTS_MACCATALYST = NO;
				SUPPORTS_MAC_DESIGNED_FOR_IPHONE_IPAD = NO;
				SUPPORTS_XR_DESIGNED_FOR_IPHONE_IPAD = NO;
				SWIFT_EMIT_LOC_STRINGS = YES;
				SWIFT_VERSION = 5.0;
				TARGETED_DEVICE_FAMILY = 1;
			};
			name = Debug;
		};
		760A386D2CE0E947005C853C /* Release */ = {
			isa = XCBuildConfiguration;
			buildSettings = {
				ASSETCATALOG_COMPILER_APPICON_NAME = AppIcon;
				ASSETCATALOG_COMPILER_GLOBAL_ACCENT_COLOR_NAME = AccentColor;
				CODE_SIGN_STYLE = Automatic;
				CURRENT_PROJECT_VERSION = 1;
				DEVELOPMENT_ASSET_PATHS = "\"Insightforge/ApplicationLayer/Resources/Preview Content\"";
				DEVELOPMENT_TEAM = YV896RSVH3;
				ENABLE_PREVIEWS = YES;
				GENERATE_INFOPLIST_FILE = YES;
				INFOPLIST_FILE = Insightforge/Info.plist;
				INFOPLIST_KEY_CFBundleDisplayName = Insightforge;
				INFOPLIST_KEY_UIApplicationSceneManifest_Generation = YES;
				INFOPLIST_KEY_UIApplicationSupportsIndirectInputEvents = YES;
				INFOPLIST_KEY_UISupportedInterfaceOrientations = UIInterfaceOrientationPortrait;
				INFOPLIST_KEY_UISupportedInterfaceOrientations_iPad = "UIInterfaceOrientationLandscapeLeft UIInterfaceOrientationLandscapeRight UIInterfaceOrientationPortrait UIInterfaceOrientationPortraitUpsideDown";
				IPHONEOS_DEPLOYMENT_TARGET = 16.0;
				LD_RUNPATH_SEARCH_PATHS = (
					"$(inherited)",
					"@executable_path/Frameworks",
				);
				MARKETING_VERSION = 1.0.0;
				PRODUCT_BUNDLE_IDENTIFIER = com.zubelaleksey.Insightforge;
				PRODUCT_NAME = "$(TARGET_NAME)";
				SUPPORTED_PLATFORMS = "iphoneos iphonesimulator";
				SUPPORTS_MACCATALYST = NO;
				SUPPORTS_MAC_DESIGNED_FOR_IPHONE_IPAD = NO;
				SUPPORTS_XR_DESIGNED_FOR_IPHONE_IPAD = NO;
				SWIFT_EMIT_LOC_STRINGS = YES;
				SWIFT_VERSION = 5.0;
				TARGETED_DEVICE_FAMILY = 1;
			};
			name = Release;
		};
/* End XCBuildConfiguration section */

/* Begin XCConfigurationList section */
		760A38582CE0E945005C853C /* Build configuration list for PBXProject "Insightforge" */ = {
			isa = XCConfigurationList;
			buildConfigurations = (
				760A38692CE0E947005C853C /* Debug */,
				760A386A2CE0E947005C853C /* Release */,
			);
			defaultConfigurationIsVisible = 0;
			defaultConfigurationName = Release;
		};
		760A386B2CE0E947005C853C /* Build configuration list for PBXNativeTarget "Insightforge" */ = {
			isa = XCConfigurationList;
			buildConfigurations = (
				760A386C2CE0E947005C853C /* Debug */,
				760A386D2CE0E947005C853C /* Release */,
			);
			defaultConfigurationIsVisible = 0;
			defaultConfigurationName = Release;
		};
/* End XCConfigurationList section */

/* Begin XCRemoteSwiftPackageReference section */
		7629162F2D1454F50022374F /* XCRemoteSwiftPackageReference "Alamofire" */ = {
			isa = XCRemoteSwiftPackageReference;
			repositoryURL = "https://github.com/Alamofire/Alamofire.git";
			requirement = {
				kind = upToNextMajorVersion;
				minimumVersion = 5.10.2;
			};
		};
		7663507A2CE4E07000DCB46F /* XCRemoteSwiftPackageReference "lottie-ios" */ = {
			isa = XCRemoteSwiftPackageReference;
			repositoryURL = "https://github.com/airbnb/lottie-ios";
			requirement = {
				kind = upToNextMajorVersion;
				minimumVersion = 4.5.0;
			};
		};
/* End XCRemoteSwiftPackageReference section */

/* Begin XCSwiftPackageProductDependency section */
		762916302D1454F50022374F /* Alamofire */ = {
			isa = XCSwiftPackageProductDependency;
			package = 7629162F2D1454F50022374F /* XCRemoteSwiftPackageReference "Alamofire" */;
			productName = Alamofire;
		};
		7663507B2CE4E07100DCB46F /* Lottie */ = {
			isa = XCSwiftPackageProductDependency;
			package = 7663507A2CE4E07000DCB46F /* XCRemoteSwiftPackageReference "lottie-ios" */;
			productName = Lottie;
		};
/* End XCSwiftPackageProductDependency section */
	};
	rootObject = 760A38552CE0E945005C853C /* Project object */;
}
